{
    "_meta": {
        "hash": {
            "sha256": "4604a723f5ae6acc2820827628015074f9a6a5e93fd30436a1111b3d268ada9c"
        },
        "pipfile-spec": 6,
        "requires": {
            "python_version": "3.9"
        },
        "sources": [
            {
                "name": "pypi",
                "url": "https://pypi.org/simple",
                "verify_ssl": true
            }
        ]
    },
    "default": {
        "fonttools": {
            "hashes": [
                "sha256:0eb79a2da5eb6457a6f8ab904838454accc7d4cccdaff1fd2bd3a0679ea33d64",
                "sha256:113337c2d29665839b7d90b39f99b3cac731f72a0eda9306165a305c7c31d341",
                "sha256:12a7c247d1b946829bfa2f331107a629ea77dc5391dfd34fdcd78efa61f354ca",
                "sha256:179737095eb98332a2744e8f12037b2977f22948cf23ff96656928923ddf560a",
                "sha256:19b7db825c8adee96fac0692e6e1ecd858cae9affb3b4812cdb9d934a898b29e",
                "sha256:37983b6bdab42c501202500a2be3a572f50d4efe3237e0686ee9d5f794d76b35",
                "sha256:3a35981d90feebeaef05e46e33e6b9e5b5e618504672ca9cd0ff96b171e4bfff",
                "sha256:46a0ec8adbc6ff13494eb0c9c2e643b6f009ce7320cf640de106fb614e4d4360",
                "sha256:4aa79366e442dbca6e2c8595645a3a605d9eeabdb7a094d745ed6106816bef5d",
                "sha256:515607ec756d7865f23070682622c49d922901943697871fc292277cf1e71967",
                "sha256:53eb5091ddc8b1199330bb7b4a8a2e7995ad5d43376cadce84523d8223ef3136",
                "sha256:5d18fc642fd0ac29236ff88ecfccff229ec0386090a839dd3f1162e9a7944a40",
                "sha256:5fb289b7a815638a7613d46bcf324c9106804725b2bb8ad913c12b6958ffc4ec",
                "sha256:62f481ac772fd68901573956231aea3e4b1ad87b9b1089a61613a91e2b50bb9b",
                "sha256:689508b918332fb40ce117131633647731d098b1b10d092234aa959b4251add5",
                "sha256:68a02bbe020dc22ee0540e040117535f06df9358106d3775e8817d826047f3fd",
                "sha256:6ed2662a3d9c832afa36405f8748c250be94ae5dfc5283d668308391f2102861",
                "sha256:7286aed4ea271df9eab8d7a9b29e507094b51397812f7ce051ecd77915a6e26b",
                "sha256:7cc7d685b8eeca7ae69dc6416833fbfea61660684b7089bca666067cb2937dcf",
                "sha256:8708b98c278012ad267ee8a7433baeb809948855e81922878118464b274c909d",
                "sha256:9398f244e28e0596e2ee6024f808b06060109e33ed38dcc9bded452fd9bbb853",
                "sha256:9e36344e48af3e3bde867a1ca54f97c308735dd8697005c2d24a86054a114a71",
                "sha256:a398bdadb055f8de69f62b0fc70625f7cbdab436bbb31eef5816e28cab083ee8",
                "sha256:acb47f6f8680de24c1ab65ebde39dd035768e2a9b571a07c7b8da95f6c8815fd",
                "sha256:be24fcb80493b2c94eae21df70017351851652a37de514de553435b256b2f249",
                "sha256:c391cd5af88aacaf41dd7cfb96eeedfad297b5899a39e12f4c2c3706d0a3329d",
                "sha256:c95b0724a6deea2c8c5d3222191783ced0a2f09bd6d33f93e563f6f1a4b3b3a4",
                "sha256:c9b1ce7a45978b821a06d375b83763b27a3a5e8a2e4570b3065abad240a18760",
                "sha256:db372213d39fa33af667c2aa586a0c1235e88e9c850f5dd5c8e1f17515861868",
                "sha256:db55cbaea02a20b49fefbd8e9d62bd481aaabe1f2301dabc575acc6b358874fa",
                "sha256:ed1a13a27f59d1fc1920394a7f596792e9d546c9ca5a044419dca70c37815d7c",
                "sha256:f2b82f46917d8722e6b5eafeefb4fb585d23babd15d8246c664cd88a5bddd19c",
                "sha256:f2f806990160d1ce42d287aa419df3ffc42dfefe60d473695fb048355fe0c6a0",
                "sha256:f720fa82a11c0f9042376fd509b5ed88dab7e3cd602eee63a1af08883b37342b"
            ],
            "index": "pypi",
            "markers": "python_version >= '3.8'",
            "version": "==4.42.1"
        },
        "python-minifier": {
            "hashes": [
                "sha256:37e10e9e318be701eecb48764942426be73ae9f562d75bea4e29c5f66945ce97",
                "sha256:489133b91212ec9658a7b64d243eb9eb67d7e53faf2ac5166a33301c61b3dcab",
                "sha256:75bf018e48780277ab0d40a983c013224af89ecc1e5bd59054de1638f6360944"
            ],
            "index": "pypi",
            "markers": "python_version >= '2.7' and python_version not in '3.0, 3.1, 3.2' and python_version < '3.14'",
            "version": "==2.11.3"
        }
    },
    "develop": {}
}
